
Microsoft Visual Studio Solution File, Format Version 12.00
# Visual Studio Version 17
VisualStudioVersion = 17.4.33213.308
MinimumVisualStudioVersion = 10.0.40219.1
Project("{FAE04EC0-301F-11D3-BF4B-00C04F79EFBC}") = "Soru 01", "Soru 01\Soru 01.csproj", "{BE7C4789-6F57-451D-86EE-7C33755E6502}"
EndProject
Project("{FAE04EC0-301F-11D3-BF4B-00C04F79EFBC}") = "Soru 02", "Soru 02\Soru 02.csproj", "{9A837E60-820D-47DF-ACD4-F8FDCD4E67C8}"
EndProject
Project("{FAE04EC0-301F-11D3-BF4B-00C04F79EFBC}") = "Soru 03", "Soru 03\Soru 03.csproj", "{110D401E-04D4-43D3-9298-5B296E48B240}"
EndProject
Project("{FAE04EC0-301F-11D3-BF4B-00C04F79EFBC}") = "Soru 04", "Soru 04\Soru 04.csproj", "{2A42CA5A-2564-4462-8A7B-38C75D0F2188}"
EndProject
Global
	GlobalSection(SolutionConfigurationPlatforms) = preSolution
		Debug|Any CPU = Debug|Any CPU
		Release|Any CPU = Release|Any CPU
	EndGlobalSection
	GlobalSection(ProjectConfigurationPlatforms) = postSolution
		{BE7C4789-6F57-451D-86EE-7C33755E6502}.Debug|Any CPU.ActiveCfg = Debug|Any CPU
		{BE7C4789-6F57-451D-86EE-7C33755E6502}.Debug|Any CPU.Build.0 = Debug|Any CPU
		{BE7C4789-6F57-451D-86EE-7C33755E6502}.Release|Any CPU.ActiveCfg = Release|Any CPU
		{BE7C4789-6F57-451D-86EE-7C33755E6502}.Release|Any CPU.Build.0 = Release|Any CPU
		{9A837E60-820D-47DF-ACD4-F8FDCD4E67C8}.Debug|Any CPU.ActiveCfg = Debug|Any CPU
		{9A837E60-820D-47DF-ACD4-F8FDCD4E67C8}.Debug|Any CPU.Build.0 = Debug|Any CPU
		{9A837E60-820D-47DF-ACD4-F8FDCD4E67C8}.Release|Any CPU.ActiveCfg = Release|Any CPU
		{9A837E60-820D-47DF-ACD4-F8FDCD4E67C8}.Release|Any CPU.Build.0 = Release|Any CPU
		{110D401E-04D4-43D3-9298-5B296E48B240}.Debug|Any CPU.ActiveCfg = Debug|Any CPU
		{110D401E-04D4-43D3-9298-5B296E48B240}.Debug|Any CPU.Build.0 = Debug|Any CPU
		{110D401E-04D4-43D3-9298-5B296E48B240}.Release|Any CPU.ActiveCfg = Release|Any CPU
		{110D401E-04D4-43D3-9298-5B296E48B240}.Release|Any CPU.Build.0 = Release|Any CPU
		{2A42CA5A-2564-4462-8A7B-38C75D0F2188}.Debug|Any CPU.ActiveCfg = Debug|Any CPU
		{2A42CA5A-2564-4462-8A7B-38C75D0F2188}.Debug|Any CPU.Build.0 = Debug|Any CPU
		{2A42CA5A-2564-4462-8A7B-38C75D0F2188}.Release|Any CPU.ActiveCfg = Release|Any CPU
		{2A42CA5A-2564-4462-8A7B-38C75D0F2188}.Release|Any CPU.Build.0 = Release|Any CPU
	EndGlobalSection
	GlobalSection(SolutionProperties) = preSolution
		HideSolutionNode = FALSE
	EndGlobalSection
	GlobalSection(ExtensibilityGlobals) = postSolution
		SolutionGuid = {66BF4915-CC10-45EC-817D-D048DD09B175}
	EndGlobalSection
EndGlobal
